
Microsoft Visual Studio Solution File, Format Version 12.00
# Visual Studio Version 17
VisualStudioVersion = 17.6.33723.286
MinimumVisualStudioVersion = 10.0.40219.1
Project("{2150E333-8FDC-42A3-9474-1A3956D46DE8}") = "Shared", "Shared", "{F9DD5769-5AED-4CE7-AED2-44531EDFBDE9}"
EndProject
Project("{9A19103F-16F7-4668-BE54-9A1E7A4F7556}") = "Shared.CoreOne", "Shared.CoreOne\Shared.CoreOne.csproj", "{A7715831-7BFE-4422-ABC8-2537A4ADC675}"
EndProject
Project("{9A19103F-16F7-4668-BE54-9A1E7A4F7556}") = "Shared.Repository", "Shared.Repository\Shared.Repository.csproj", "{3CDA1E4D-B929-4CC4-95AF-8BE41A3209D4}"
EndProject
Project("{9A19103F-16F7-4668-BE54-9A1E7A4F7556}") = "Shared.API", "Shared.API\Shared.API.csproj", "{C449EE3D-5D74-4572-8D07-08638E74AFF5}"
EndProject
Project("{2150E333-8FDC-42A3-9474-1A3956D46DE8}") = "Inventory", "Inventory", "{539B89A9-43C1-40C4-AA3F-FB6B4495A1DC}"
EndProject
Project("{9A19103F-16F7-4668-BE54-9A1E7A4F7556}") = "Shared.Service", "Shared.Service\Shared.Service.csproj", "{AD47F757-7CBC-49A0-B7BF-6760632D228C}"
EndProject
Project("{9A19103F-16F7-4668-BE54-9A1E7A4F7556}") = "Inventory.CoreOne", "Inventory.CoreOne\Inventory.CoreOne.csproj", "{B7AB9560-15D6-4D37-8CC6-B7763EC45767}"
EndProject
Project("{9A19103F-16F7-4668-BE54-9A1E7A4F7556}") = "Inventory.Service", "Inventory.Service\Inventory.Service.csproj", "{0F9302BA-59D0-4E0C-B38D-050A0046BE0B}"
EndProject
Project("{9A19103F-16F7-4668-BE54-9A1E7A4F7556}") = "Inventory.API", "Inventory.API\Inventory.API.csproj", "{E5532BD9-3B3D-4FA7-BE22-6D4C8C19C8D9}"
EndProject
Project("{2150E333-8FDC-42A3-9474-1A3956D46DE8}") = "Accounting", "Accounting", "{7B20D5F8-21E9-499E-9E3E-6DC23B9D3378}"
EndProject
Project("{9A19103F-16F7-4668-BE54-9A1E7A4F7556}") = "Accounting.CoreOne", "Accounting.CoreOne\Accounting.CoreOne.csproj", "{E2EB040F-754A-409D-92CE-65F152B4EE4D}"
EndProject
Project("{9A19103F-16F7-4668-BE54-9A1E7A4F7556}") = "Accounting.Service", "Accounting.Service\Accounting.Service.csproj", "{791F71B7-8B56-4154-AE3F-9F06ED7B5EC1}"
EndProject
Project("{9A19103F-16F7-4668-BE54-9A1E7A4F7556}") = "Accounting.API", "Accounting.API\Accounting.API.csproj", "{9701C29D-B950-49F7-9547-0121775B411F}"
EndProject
Project("{2150E333-8FDC-42A3-9474-1A3956D46DE8}") = "Purchases", "Purchases", "{F1BE5131-5819-4504-B35F-2CEC5687456C}"
EndProject
Project("{9A19103F-16F7-4668-BE54-9A1E7A4F7556}") = "Purchases.CoreOne", "Purchase.CoreOne\Purchases.CoreOne.csproj", "{90835EB4-36F2-4860-8F84-F343FAB43278}"
EndProject
Project("{9A19103F-16F7-4668-BE54-9A1E7A4F7556}") = "Purchases.Service", "Purchase.Service\Purchases.Service.csproj", "{2AB11FBA-E780-4D79-BEEB-9C2AF0EDB140}"
EndProject
Project("{9A19103F-16F7-4668-BE54-9A1E7A4F7556}") = "Purchases.API", "Purchase.API\Purchases.API.csproj", "{70182CF1-738C-414C-AC95-A10BB73151B2}"
EndProject
Project("{2150E333-8FDC-42A3-9474-1A3956D46DE8}") = "Sales", "Sales", "{D2A6C8FB-FD9E-4B55-B897-A94608078441}"
EndProject
Project("{9A19103F-16F7-4668-BE54-9A1E7A4F7556}") = "Sales.CoreOne", "Selling.CoreOne\Sales.CoreOne.csproj", "{56F28966-FC08-4CFB-812F-010829E1AD4F}"
EndProject
Project("{9A19103F-16F7-4668-BE54-9A1E7A4F7556}") = "Sales.Service", "Selling.Service\Sales.Service.csproj", "{CF87AE99-F81C-4B31-93CA-6AFAA76F66A2}"
EndProject
Project("{9A19103F-16F7-4668-BE54-9A1E7A4F7556}") = "Sales.API", "Selling.API\Sales.API.csproj", "{AA79F8B0-DC45-4C1B-9F81-E51E334D00A3}"
EndProject
Project("{9A19103F-16F7-4668-BE54-9A1E7A4F7556}") = "Shared.Helper", "Shared.Helper\Shared.Helper.csproj", "{AD843B7F-BB6E-4162-A508-E15BEE4EE98E}"
EndProject
Project("{2150E333-8FDC-42A3-9474-1A3956D46DE8}") = "Compound", "Compound", "{92B3530C-FFE3-41A3-8B58-5E60F58F2D89}"
EndProject
Project("{9A19103F-16F7-4668-BE54-9A1E7A4F7556}") = "Compound.CoreOne", "Compound.CoreOne\Compound.CoreOne.csproj", "{C88C4ADD-D1DF-46E0-AAE3-8B6B430DB081}"
EndProject
Project("{9A19103F-16F7-4668-BE54-9A1E7A4F7556}") = "Compound.Service", "Compound.Service\Compound.Service.csproj", "{4AFCEF9C-A039-4E15-B409-DD370286DE24}"
EndProject
Project("{9A19103F-16F7-4668-BE54-9A1E7A4F7556}") = "Compound.API", "Compound.API\Compound.API.csproj", "{4EA88404-1D62-41CA-B8D1-4337D058D0DA}"
EndProject
Global
	GlobalSection(SolutionConfigurationPlatforms) = preSolution
		Debug|Any CPU = Debug|Any CPU
		Release|Any CPU = Release|Any CPU
	EndGlobalSection
	GlobalSection(ProjectConfigurationPlatforms) = postSolution
		{A7715831-7BFE-4422-ABC8-2537A4ADC675}.Debug|Any CPU.ActiveCfg = Debug|Any CPU
		{A7715831-7BFE-4422-ABC8-2537A4ADC675}.Debug|Any CPU.Build.0 = Debug|Any CPU
		{A7715831-7BFE-4422-ABC8-2537A4ADC675}.Release|Any CPU.ActiveCfg = Release|Any CPU
		{A7715831-7BFE-4422-ABC8-2537A4ADC675}.Release|Any CPU.Build.0 = Release|Any CPU
		{3CDA1E4D-B929-4CC4-95AF-8BE41A3209D4}.Debug|Any CPU.ActiveCfg = Debug|Any CPU
		{3CDA1E4D-B929-4CC4-95AF-8BE41A3209D4}.Debug|Any CPU.Build.0 = Debug|Any CPU
		{3CDA1E4D-B929-4CC4-95AF-8BE41A3209D4}.Release|Any CPU.ActiveCfg = Release|Any CPU
		{3CDA1E4D-B929-4CC4-95AF-8BE41A3209D4}.Release|Any CPU.Build.0 = Release|Any CPU
		{C449EE3D-5D74-4572-8D07-08638E74AFF5}.Debug|Any CPU.ActiveCfg = Debug|Any CPU
		{C449EE3D-5D74-4572-8D07-08638E74AFF5}.Debug|Any CPU.Build.0 = Debug|Any CPU
		{C449EE3D-5D74-4572-8D07-08638E74AFF5}.Release|Any CPU.ActiveCfg = Release|Any CPU
		{C449EE3D-5D74-4572-8D07-08638E74AFF5}.Release|Any CPU.Build.0 = Release|Any CPU
		{AD47F757-7CBC-49A0-B7BF-6760632D228C}.Debug|Any CPU.ActiveCfg = Debug|Any CPU
		{AD47F757-7CBC-49A0-B7BF-6760632D228C}.Debug|Any CPU.Build.0 = Debug|Any CPU
		{AD47F757-7CBC-49A0-B7BF-6760632D228C}.Release|Any CPU.ActiveCfg = Release|Any CPU
		{AD47F757-7CBC-49A0-B7BF-6760632D228C}.Release|Any CPU.Build.0 = Release|Any CPU
		{B7AB9560-15D6-4D37-8CC6-B7763EC45767}.Debug|Any CPU.ActiveCfg = Debug|Any CPU
		{B7AB9560-15D6-4D37-8CC6-B7763EC45767}.Debug|Any CPU.Build.0 = Debug|Any CPU
		{B7AB9560-15D6-4D37-8CC6-B7763EC45767}.Release|Any CPU.ActiveCfg = Release|Any CPU
		{B7AB9560-15D6-4D37-8CC6-B7763EC45767}.Release|Any CPU.Build.0 = Release|Any CPU
		{0F9302BA-59D0-4E0C-B38D-050A0046BE0B}.Debug|Any CPU.ActiveCfg = Debug|Any CPU
		{0F9302BA-59D0-4E0C-B38D-050A0046BE0B}.Debug|Any CPU.Build.0 = Debug|Any CPU
		{0F9302BA-59D0-4E0C-B38D-050A0046BE0B}.Release|Any CPU.ActiveCfg = Release|Any CPU
		{0F9302BA-59D0-4E0C-B38D-050A0046BE0B}.Release|Any CPU.Build.0 = Release|Any CPU
		{E5532BD9-3B3D-4FA7-BE22-6D4C8C19C8D9}.Debug|Any CPU.ActiveCfg = Debug|Any CPU
		{E5532BD9-3B3D-4FA7-BE22-6D4C8C19C8D9}.Debug|Any CPU.Build.0 = Debug|Any CPU
		{E5532BD9-3B3D-4FA7-BE22-6D4C8C19C8D9}.Release|Any CPU.ActiveCfg = Release|Any CPU
		{E5532BD9-3B3D-4FA7-BE22-6D4C8C19C8D9}.Release|Any CPU.Build.0 = Release|Any CPU
		{E2EB040F-754A-409D-92CE-65F152B4EE4D}.Debug|Any CPU.ActiveCfg = Debug|Any CPU
		{E2EB040F-754A-409D-92CE-65F152B4EE4D}.Debug|Any CPU.Build.0 = Debug|Any CPU
		{E2EB040F-754A-409D-92CE-65F152B4EE4D}.Release|Any CPU.ActiveCfg = Release|Any CPU
		{E2EB040F-754A-409D-92CE-65F152B4EE4D}.Release|Any CPU.Build.0 = Release|Any CPU
		{791F71B7-8B56-4154-AE3F-9F06ED7B5EC1}.Debug|Any CPU.ActiveCfg = Debug|Any CPU
		{791F71B7-8B56-4154-AE3F-9F06ED7B5EC1}.Debug|Any CPU.Build.0 = Debug|Any CPU
		{791F71B7-8B56-4154-AE3F-9F06ED7B5EC1}.Release|Any CPU.ActiveCfg = Release|Any CPU
		{791F71B7-8B56-4154-AE3F-9F06ED7B5EC1}.Release|Any CPU.Build.0 = Release|Any CPU
		{9701C29D-B950-49F7-9547-0121775B411F}.Debug|Any CPU.ActiveCfg = Debug|Any CPU
		{9701C29D-B950-49F7-9547-0121775B411F}.Debug|Any CPU.Build.0 = Debug|Any CPU
		{9701C29D-B950-49F7-9547-0121775B411F}.Release|Any CPU.ActiveCfg = Release|Any CPU
		{9701C29D-B950-49F7-9547-0121775B411F}.Release|Any CPU.Build.0 = Release|Any CPU
		{90835EB4-36F2-4860-8F84-F343FAB43278}.Debug|Any CPU.ActiveCfg = Debug|Any CPU
		{90835EB4-36F2-4860-8F84-F343FAB43278}.Debug|Any CPU.Build.0 = Debug|Any CPU
		{90835EB4-36F2-4860-8F84-F343FAB43278}.Release|Any CPU.ActiveCfg = Release|Any CPU
		{90835EB4-36F2-4860-8F84-F343FAB43278}.Release|Any CPU.Build.0 = Release|Any CPU
		{2AB11FBA-E780-4D79-BEEB-9C2AF0EDB140}.Debug|Any CPU.ActiveCfg = Debug|Any CPU
		{2AB11FBA-E780-4D79-BEEB-9C2AF0EDB140}.Debug|Any CPU.Build.0 = Debug|Any CPU
		{2AB11FBA-E780-4D79-BEEB-9C2AF0EDB140}.Release|Any CPU.ActiveCfg = Release|Any CPU
		{2AB11FBA-E780-4D79-BEEB-9C2AF0EDB140}.Release|Any CPU.Build.0 = Release|Any CPU
		{70182CF1-738C-414C-AC95-A10BB73151B2}.Debug|Any CPU.ActiveCfg = Debug|Any CPU
		{70182CF1-738C-414C-AC95-A10BB73151B2}.Debug|Any CPU.Build.0 = Debug|Any CPU
		{70182CF1-738C-414C-AC95-A10BB73151B2}.Release|Any CPU.ActiveCfg = Release|Any CPU
		{70182CF1-738C-414C-AC95-A10BB73151B2}.Release|Any CPU.Build.0 = Release|Any CPU
		{56F28966-FC08-4CFB-812F-010829E1AD4F}.Debug|Any CPU.ActiveCfg = Debug|Any CPU
		{56F28966-FC08-4CFB-812F-010829E1AD4F}.Debug|Any CPU.Build.0 = Debug|Any CPU
		{56F28966-FC08-4CFB-812F-010829E1AD4F}.Release|Any CPU.ActiveCfg = Release|Any CPU
		{56F28966-FC08-4CFB-812F-010829E1AD4F}.Release|Any CPU.Build.0 = Release|Any CPU
		{CF87AE99-F81C-4B31-93CA-6AFAA76F66A2}.Debug|Any CPU.ActiveCfg = Debug|Any CPU
		{CF87AE99-F81C-4B31-93CA-6AFAA76F66A2}.Debug|Any CPU.Build.0 = Debug|Any CPU
		{CF87AE99-F81C-4B31-93CA-6AFAA76F66A2}.Release|Any CPU.ActiveCfg = Release|Any CPU
		{CF87AE99-F81C-4B31-93CA-6AFAA76F66A2}.Release|Any CPU.Build.0 = Release|Any CPU
		{AA79F8B0-DC45-4C1B-9F81-E51E334D00A3}.Debug|Any CPU.ActiveCfg = Debug|Any CPU
		{AA79F8B0-DC45-4C1B-9F81-E51E334D00A3}.Debug|Any CPU.Build.0 = Debug|Any CPU
		{AA79F8B0-DC45-4C1B-9F81-E51E334D00A3}.Release|Any CPU.ActiveCfg = Release|Any CPU
		{AA79F8B0-DC45-4C1B-9F81-E51E334D00A3}.Release|Any CPU.Build.0 = Release|Any CPU
		{AD843B7F-BB6E-4162-A508-E15BEE4EE98E}.Debug|Any CPU.ActiveCfg = Debug|Any CPU
		{AD843B7F-BB6E-4162-A508-E15BEE4EE98E}.Debug|Any CPU.Build.0 = Debug|Any CPU
		{AD843B7F-BB6E-4162-A508-E15BEE4EE98E}.Release|Any CPU.ActiveCfg = Release|Any CPU
		{AD843B7F-BB6E-4162-A508-E15BEE4EE98E}.Release|Any CPU.Build.0 = Release|Any CPU
		{C88C4ADD-D1DF-46E0-AAE3-8B6B430DB081}.Debug|Any CPU.ActiveCfg = Debug|Any CPU
		{C88C4ADD-D1DF-46E0-AAE3-8B6B430DB081}.Debug|Any CPU.Build.0 = Debug|Any CPU
		{C88C4ADD-D1DF-46E0-AAE3-8B6B430DB081}.Release|Any CPU.ActiveCfg = Release|Any CPU
		{C88C4ADD-D1DF-46E0-AAE3-8B6B430DB081}.Release|Any CPU.Build.0 = Release|Any CPU
		{4AFCEF9C-A039-4E15-B409-DD370286DE24}.Debug|Any CPU.ActiveCfg = Debug|Any CPU
		{4AFCEF9C-A039-4E15-B409-DD370286DE24}.Debug|Any CPU.Build.0 = Debug|Any CPU
		{4AFCEF9C-A039-4E15-B409-DD370286DE24}.Release|Any CPU.ActiveCfg = Release|Any CPU
		{4AFCEF9C-A039-4E15-B409-DD370286DE24}.Release|Any CPU.Build.0 = Release|Any CPU
		{4EA88404-1D62-41CA-B8D1-4337D058D0DA}.Debug|Any CPU.ActiveCfg = Debug|Any CPU
		{4EA88404-1D62-41CA-B8D1-4337D058D0DA}.Debug|Any CPU.Build.0 = Debug|Any CPU
		{4EA88404-1D62-41CA-B8D1-4337D058D0DA}.Release|Any CPU.ActiveCfg = Release|Any CPU
		{4EA88404-1D62-41CA-B8D1-4337D058D0DA}.Release|Any CPU.Build.0 = Release|Any CPU
	EndGlobalSection
	GlobalSection(SolutionProperties) = preSolution
		HideSolutionNode = FALSE
	EndGlobalSection
	GlobalSection(NestedProjects) = preSolution
		{A7715831-7BFE-4422-ABC8-2537A4ADC675} = {F9DD5769-5AED-4CE7-AED2-44531EDFBDE9}
		{3CDA1E4D-B929-4CC4-95AF-8BE41A3209D4} = {F9DD5769-5AED-4CE7-AED2-44531EDFBDE9}
		{C449EE3D-5D74-4572-8D07-08638E74AFF5} = {F9DD5769-5AED-4CE7-AED2-44531EDFBDE9}
		{AD47F757-7CBC-49A0-B7BF-6760632D228C} = {F9DD5769-5AED-4CE7-AED2-44531EDFBDE9}
		{B7AB9560-15D6-4D37-8CC6-B7763EC45767} = {539B89A9-43C1-40C4-AA3F-FB6B4495A1DC}
		{0F9302BA-59D0-4E0C-B38D-050A0046BE0B} = {539B89A9-43C1-40C4-AA3F-FB6B4495A1DC}
		{E5532BD9-3B3D-4FA7-BE22-6D4C8C19C8D9} = {539B89A9-43C1-40C4-AA3F-FB6B4495A1DC}
		{E2EB040F-754A-409D-92CE-65F152B4EE4D} = {7B20D5F8-21E9-499E-9E3E-6DC23B9D3378}
		{791F71B7-8B56-4154-AE3F-9F06ED7B5EC1} = {7B20D5F8-21E9-499E-9E3E-6DC23B9D3378}
		{9701C29D-B950-49F7-9547-0121775B411F} = {7B20D5F8-21E9-499E-9E3E-6DC23B9D3378}
		{90835EB4-36F2-4860-8F84-F343FAB43278} = {F1BE5131-5819-4504-B35F-2CEC5687456C}
		{2AB11FBA-E780-4D79-BEEB-9C2AF0EDB140} = {F1BE5131-5819-4504-B35F-2CEC5687456C}
		{70182CF1-738C-414C-AC95-A10BB73151B2} = {F1BE5131-5819-4504-B35F-2CEC5687456C}
		{56F28966-FC08-4CFB-812F-010829E1AD4F} = {D2A6C8FB-FD9E-4B55-B897-A94608078441}
		{CF87AE99-F81C-4B31-93CA-6AFAA76F66A2} = {D2A6C8FB-FD9E-4B55-B897-A94608078441}
		{AA79F8B0-DC45-4C1B-9F81-E51E334D00A3} = {D2A6C8FB-FD9E-4B55-B897-A94608078441}
		{AD843B7F-BB6E-4162-A508-E15BEE4EE98E} = {F9DD5769-5AED-4CE7-AED2-44531EDFBDE9}
		{C88C4ADD-D1DF-46E0-AAE3-8B6B430DB081} = {92B3530C-FFE3-41A3-8B58-5E60F58F2D89}
		{4AFCEF9C-A039-4E15-B409-DD370286DE24} = {92B3530C-FFE3-41A3-8B58-5E60F58F2D89}
		{4EA88404-1D62-41CA-B8D1-4337D058D0DA} = {92B3530C-FFE3-41A3-8B58-5E60F58F2D89}
	EndGlobalSection
	GlobalSection(ExtensibilityGlobals) = postSolution
		SolutionGuid = {7C2DB551-A4B1-495A-9E19-C2AA0789F588}
	EndGlobalSection
EndGlobal
